
Microsoft Visual Studio Solution File, Format Version 12.00
Project("{FAE04EC0-301F-11D3-BF4B-00C04F79EFBC}") = "GuessTheNumber", "GuessTheNumber\GuessTheNumber.csproj", "{B04D3FE7-98F8-4D1C-AB50-7A34438F3849}"
EndProject
Global
	GlobalSection(SolutionConfigurationPlatforms) = preSolution
		Debug|Any CPU = Debug|Any CPU
		Release|Any CPU = Release|Any CPU
	EndGlobalSection
	GlobalSection(ProjectConfigurationPlatforms) = postSolution
		{B04D3FE7-98F8-4D1C-AB50-7A34438F3849}.Debug|Any CPU.ActiveCfg = Debug|Any CPU
		{B04D3FE7-98F8-4D1C-AB50-7A34438F3849}.Debug|Any CPU.Build.0 = Debug|Any CPU
		{B04D3FE7-98F8-4D1C-AB50-7A34438F3849}.Release|Any CPU.ActiveCfg = Release|Any CPU
		{B04D3FE7-98F8-4D1C-AB50-7A34438F3849}.Release|Any CPU.Build.0 = Release|Any CPU
	EndGlobalSection
EndGlobal
